{
  "version": 4,
  "terraform_version": "1.6.4",
  "serial": 12,
  "lineage": "4af5ddbb-32b9-ab69-251e-cd31f899ec1d",
  "outputs": {},
  "resources": [
    {
      "mode": "managed",
      "type": "azurerm_resource_group",
      "name": "Harshini-Training",
      "provider": "provider[\"registry.terraform.io/hashicorp/azurerm\"]",
      "instances": [
        {
          "schema_version": 0,
          "attributes": {
            "id": "/subscriptions/58f627af-5f2f-4f24-b8b3-67712c182a5c/resourceGroups/Harshini-Training",
            "location": "australiaeast",
            "name": "Harshini-Training",
            "tags": {
              "Created": "2023-11-23T10:50:35.0608697Z",
              "client": "Servian",
              "owner": "harshini.rajagopal@servian.com",
              "purpose": "Training"
            },
            "timeouts": null
          },
          "sensitive_attributes": [],
          "private": "eyJlMmJmYjczMC1lY2FhLTExZTYtOGY4OC0zNDM2M2JjN2M0YzAiOnsiY3JlYXRlIjo1NDAwMDAwMDAwMDAwLCJkZWxldGUiOjU0MDAwMDAwMDAwMDAsInJlYWQiOjMwMDAwMDAwMDAwMCwidXBkYXRlIjo1NDAwMDAwMDAwMDAwfX0="
        }
      ]
    }
  ],
  "check_results": null
}
