{
  "version": 4,
  "terraform_version": "1.6.4",
  "serial": 73,
  "lineage": "4af5ddbb-32b9-ab69-251e-cd31f899ec1d",
  "outputs": {},
  "resources": [
    {
      "mode": "managed",
      "type": "azurerm_network_interface",
      "name": "example",
      "provider": "provider[\"registry.terraform.io/hashicorp/azurerm\"]",
      "instances": [
        {
          "schema_version": 0,
          "attributes": {
            "applied_dns_servers": [],
            "dns_servers": [],
            "edge_zone": "",
            "enable_accelerated_networking": false,
            "enable_ip_forwarding": false,
            "id": "/subscriptions/58f627af-5f2f-4f24-b8b3-67712c182a5c/resourceGroups/Harshini-Training/providers/Microsoft.Network/networkInterfaces/example-nic",
            "internal_dns_name_label": "",
            "internal_domain_name_suffix": "",
            "ip_configuration": [
              {
                "gateway_load_balancer_frontend_ip_configuration_id": "",
                "name": "internal",
                "primary": true,
                "private_ip_address": "10.0.2.4",
                "private_ip_address_allocation": "Dynamic",
                "private_ip_address_version": "IPv4",
                "public_ip_address_id": "",
                "subnet_id": "/subscriptions/58f627af-5f2f-4f24-b8b3-67712c182a5c/resourceGroups/Harshini-Training/providers/Microsoft.Network/virtualNetworks/example-network/subnets/example-subnet"
              }
            ],
            "location": "australiaeast",
            "mac_address": "00-0D-3A-D2-7B-35",
            "name": "example-nic",
            "private_ip_address": "10.0.2.4",
            "private_ip_addresses": [
              "10.0.2.4"
            ],
            "resource_group_name": "Harshini-Training",
            "tags": {},
            "timeouts": null,
            "virtual_machine_id": "/subscriptions/58f627af-5f2f-4f24-b8b3-67712c182a5c/resourceGroups/HARSHINI-TRAINING/providers/Microsoft.Compute/virtualMachines/example-vm"
          },
          "sensitive_attributes": [],
          "private": "eyJlMmJmYjczMC1lY2FhLTExZTYtOGY4OC0zNDM2M2JjN2M0YzAiOnsiY3JlYXRlIjoxODAwMDAwMDAwMDAwLCJkZWxldGUiOjE4MDAwMDAwMDAwMDAsInJlYWQiOjMwMDAwMDAwMDAwMCwidXBkYXRlIjoxODAwMDAwMDAwMDAwfX0=",
          "dependencies": [
            "azurerm_resource_group.Harshini-Training",
            "azurerm_subnet.example",
            "azurerm_virtual_network.example"
          ]
        }
      ]
    },
    {
      "mode": "managed",
      "type": "azurerm_network_security_group",
      "name": "example",
      "provider": "provider[\"registry.terraform.io/hashicorp/azurerm\"]",
      "instances": [
        {
          "schema_version": 0,
          "attributes": {
            "id": "/subscriptions/58f627af-5f2f-4f24-b8b3-67712c182a5c/resourceGroups/Harshini-Training/providers/Microsoft.Network/networkSecurityGroups/example-nsg",
            "location": "australiaeast",
            "name": "example-nsg",
            "resource_group_name": "Harshini-Training",
            "security_rule": [
              {
                "access": "Allow",
                "description": "",
                "destination_address_prefix": "*",
                "destination_address_prefixes": [],
                "destination_application_security_group_ids": [],
                "destination_port_range": "22",
                "destination_port_ranges": [],
                "direction": "Inbound",
                "name": "AllowInboundTraffic",
                "priority": 1001,
                "protocol": "*",
                "source_address_prefix": "*",
                "source_address_prefixes": [],
                "source_application_security_group_ids": [],
                "source_port_range": "*",
                "source_port_ranges": []
              }
            ],
            "tags": {
              "Client": "Servian",
              "Created": "2023-11-27T05:40:04.8597052Z",
              "Owner": "harshini.rajagopal@servian.com",
              "Purpose": "Training"
            },
            "timeouts": null
          },
          "sensitive_attributes": [],
          "private": "eyJlMmJmYjczMC1lY2FhLTExZTYtOGY4OC0zNDM2M2JjN2M0YzAiOnsiY3JlYXRlIjoxODAwMDAwMDAwMDAwLCJkZWxldGUiOjE4MDAwMDAwMDAwMDAsInJlYWQiOjMwMDAwMDAwMDAwMCwidXBkYXRlIjoxODAwMDAwMDAwMDAwfX0=",
          "dependencies": [
            "azurerm_resource_group.Harshini-Training"
          ]
        }
      ]
    },
    {
      "mode": "managed",
      "type": "azurerm_resource_group",
      "name": "Harshini-Training",
      "provider": "provider[\"registry.terraform.io/hashicorp/azurerm\"]",
      "instances": [
        {
          "schema_version": 0,
          "attributes": {
            "id": "/subscriptions/58f627af-5f2f-4f24-b8b3-67712c182a5c/resourceGroups/Harshini-Training",
            "location": "australiaeast",
            "name": "Harshini-Training",
            "tags": {
              "Created": "2023-11-27T05:40:01.0176033Z",
              "client": "Servian",
              "owner": "harshini.rajagopal@servian.com",
              "purpose": "Training"
            },
            "timeouts": null
          },
          "sensitive_attributes": [],
          "private": "eyJlMmJmYjczMC1lY2FhLTExZTYtOGY4OC0zNDM2M2JjN2M0YzAiOnsiY3JlYXRlIjo1NDAwMDAwMDAwMDAwLCJkZWxldGUiOjU0MDAwMDAwMDAwMDAsInJlYWQiOjMwMDAwMDAwMDAwMCwidXBkYXRlIjo1NDAwMDAwMDAwMDAwfX0="
        }
      ]
    },
    {
      "mode": "managed",
      "type": "azurerm_subnet",
      "name": "example",
      "provider": "provider[\"registry.terraform.io/hashicorp/azurerm\"]",
      "instances": [
        {
          "schema_version": 0,
          "attributes": {
            "address_prefixes": [
              "10.0.2.0/24"
            ],
            "delegation": [],
            "enforce_private_link_endpoint_network_policies": false,
            "enforce_private_link_service_network_policies": false,
            "id": "/subscriptions/58f627af-5f2f-4f24-b8b3-67712c182a5c/resourceGroups/Harshini-Training/providers/Microsoft.Network/virtualNetworks/example-network/subnets/example-subnet",
            "name": "example-subnet",
            "resource_group_name": "Harshini-Training",
            "service_endpoint_policy_ids": [],
            "service_endpoints": [],
            "timeouts": null,
            "virtual_network_name": "example-network"
          },
          "sensitive_attributes": [],
          "private": "eyJlMmJmYjczMC1lY2FhLTExZTYtOGY4OC0zNDM2M2JjN2M0YzAiOnsiY3JlYXRlIjoxODAwMDAwMDAwMDAwLCJkZWxldGUiOjE4MDAwMDAwMDAwMDAsInJlYWQiOjMwMDAwMDAwMDAwMCwidXBkYXRlIjoxODAwMDAwMDAwMDAwfX0=",
          "dependencies": [
            "azurerm_resource_group.Harshini-Training",
            "azurerm_virtual_network.example"
          ]
        }
      ]
    },
    {
      "mode": "managed",
      "type": "azurerm_virtual_machine",
      "name": "example",
      "provider": "provider[\"registry.terraform.io/hashicorp/azurerm\"]",
      "instances": [
        {
          "schema_version": 0,
          "attributes": {
            "additional_capabilities": [],
            "availability_set_id": null,
            "boot_diagnostics": [],
            "delete_data_disks_on_termination": false,
            "delete_os_disk_on_termination": false,
            "id": "/subscriptions/58f627af-5f2f-4f24-b8b3-67712c182a5c/resourceGroups/Harshini-Training/providers/Microsoft.Compute/virtualMachines/example-vm",
            "identity": [
              {
                "identity_ids": [],
                "principal_id": "7c14c7e9-219c-44f4-b9b8-e243f945e941",
                "type": "SystemAssigned"
              }
            ],
            "license_type": null,
            "location": "australiaeast",
            "name": "example-vm",
            "network_interface_ids": [
              "/subscriptions/58f627af-5f2f-4f24-b8b3-67712c182a5c/resourceGroups/Harshini-Training/providers/Microsoft.Network/networkInterfaces/example-nic"
            ],
            "os_profile": [
              {
                "admin_password": "",
                "admin_username": "adminuser",
                "computer_name": "hostname",
                "custom_data": ""
              }
            ],
            "os_profile_linux_config": [
              {
                "disable_password_authentication": false,
                "ssh_keys": []
              }
            ],
            "os_profile_secrets": [],
            "os_profile_windows_config": [],
            "plan": [],
            "primary_network_interface_id": null,
            "proximity_placement_group_id": null,
            "resource_group_name": "Harshini-Training",
            "storage_data_disk": [],
            "storage_image_reference": [
              {
                "id": "",
                "offer": "UbuntuServer",
                "publisher": "Canonical",
                "sku": "16.04-LTS",
                "version": "latest"
              }
            ],
            "storage_os_disk": [
              {
                "caching": "ReadWrite",
                "create_option": "FromImage",
                "disk_size_gb": 30,
                "image_uri": "",
                "managed_disk_id": "/subscriptions/58f627af-5f2f-4f24-b8b3-67712c182a5c/resourceGroups/Harshini-Training/providers/Microsoft.Compute/disks/example-osdisk",
                "managed_disk_type": "Premium_LRS",
                "name": "example-osdisk",
                "os_type": "Linux",
                "vhd_uri": "",
                "write_accelerator_enabled": false
              }
            ],
            "tags": {
              "Client": "Servian",
              "Created": "2023-11-27T05:40:17.4428208Z",
              "Owner": "harshini.rajagopal@servian.com",
              "Purpose": "Training"
            },
            "timeouts": null,
            "vm_size": "Standard_D2s_v3",
            "zones": []
          },
          "sensitive_attributes": [],
          "private": "eyJlMmJmYjczMC1lY2FhLTExZTYtOGY4OC0zNDM2M2JjN2M0YzAiOnsiY3JlYXRlIjozNjAwMDAwMDAwMDAwLCJkZWxldGUiOjM2MDAwMDAwMDAwMDAsInJlYWQiOjMwMDAwMDAwMDAwMCwidXBkYXRlIjozNjAwMDAwMDAwMDAwfX0=",
          "dependencies": [
            "azurerm_network_interface.example",
            "azurerm_resource_group.Harshini-Training",
            "azurerm_subnet.example",
            "azurerm_virtual_network.example"
          ]
        }
      ]
    },
    {
      "mode": "managed",
      "type": "azurerm_virtual_network",
      "name": "example",
      "provider": "provider[\"registry.terraform.io/hashicorp/azurerm\"]",
      "instances": [
        {
          "schema_version": 0,
          "attributes": {
            "address_space": [
              "10.0.0.0/16"
            ],
            "bgp_community": "",
            "ddos_protection_plan": [],
            "dns_servers": [],
            "edge_zone": "",
            "flow_timeout_in_minutes": 0,
            "guid": "323cb979-690d-47ef-80f2-3bef092f2235",
            "id": "/subscriptions/58f627af-5f2f-4f24-b8b3-67712c182a5c/resourceGroups/Harshini-Training/providers/Microsoft.Network/virtualNetworks/example-network",
            "location": "australiaeast",
            "name": "example-network",
            "resource_group_name": "Harshini-Training",
            "subnet": [
              {
                "address_prefix": "10.0.2.0/24",
                "id": "/subscriptions/58f627af-5f2f-4f24-b8b3-67712c182a5c/resourceGroups/Harshini-Training/providers/Microsoft.Network/virtualNetworks/example-network/subnets/example-subnet",
                "name": "example-subnet",
                "security_group": ""
              }
            ],
            "tags": {
              "Client": "Servian",
              "Created": "2023-11-27T05:40:06.4820752Z",
              "Owner": "harshini.rajagopal@servian.com",
              "Purpose": "Training"
            },
            "timeouts": null
          },
          "sensitive_attributes": [],
          "private": "eyJlMmJmYjczMC1lY2FhLTExZTYtOGY4OC0zNDM2M2JjN2M0YzAiOnsiY3JlYXRlIjoxODAwMDAwMDAwMDAwLCJkZWxldGUiOjE4MDAwMDAwMDAwMDAsInJlYWQiOjMwMDAwMDAwMDAwMCwidXBkYXRlIjoxODAwMDAwMDAwMDAwfX0=",
          "dependencies": [
            "azurerm_resource_group.Harshini-Training"
          ]
        }
      ]
    }
  ],
  "check_results": null
}
